<?xml version="1.0" encoding="utf-8"?>
<Project ToolsVersion="4.0" xmlns="http://schemas.microsoft.com/developer/msbuild/2003">
  <ItemGroup>
    <ClCompile Include="CSua.cpp" />
    <ClCompile Include="Test.cpp" />
  </ItemGroup>
  <ItemGroup>
    <ClInclude Include="framework.h" />
    <ClInclude Include="Resource.h" />
    <ClInclude Include="Sua.h" />
    <ClInclude Include="targetver.h" />
    <ClInclude Include="Test.h" />
  </ItemGroup>
  <ItemGroup>
    <ResourceCompile Include="Test.rc" />
  </ItemGroup>
  <ItemGroup>
    <Image Include="small.ico" />
    <Image Include="Test.ico" />
  </ItemGroup>
  <ItemGroup>
    <Filter Include="Jinny">
      <UniqueIdentifier>{c2968d0d-6ead-40a2-9946-bc62fc20c2ec}</UniqueIdentifier>
    </Filter>
  </ItemGroup>
</Project>